<?xml version="1.0" encoding="utf-8"?>
<Project ToolsVersion="4.0" xmlns="http://schemas.microsoft.com/developer/msbuild/2003">
  <ItemGroup>
    <Filter Include="Resources">
      <UniqueIdentifier>{67DA6AB6-F800-4c08-8B7A-83BB121AAD01}</UniqueIdentifier>
      <Extensions>rc;ico;cur;bmp;dlg;rc2;rct;bin;rgs;gif;jpg;jpeg;jpe;resx;tiff;tif;png;wav;mfcribbon-ms</Extensions>
    </Filter>
    <Filter Include="Entrance">
      <UniqueIdentifier>{340fa7d9-39e7-4339-9e38-76c09db0a347}</UniqueIdentifier>
    </Filter>
    <Filter Include="Common">
      <UniqueIdentifier>{bf12aafe-8bc4-4f96-a0c4-62ea09c640ec}</UniqueIdentifier>
    </Filter>
    <Filter Include="Graphics">
      <UniqueIdentifier>{b795c5ab-b35a-4911-8e38-e836f2849197}</UniqueIdentifier>
    </Filter>
    <Filter Include="GUI">
      <UniqueIdentifier>{2aaf552c-ec01-4eae-bec8-5d05fa88cb37}</UniqueIdentifier>
    </Filter>
    <Filter Include="Component">
      <UniqueIdentifier>{4228e4e3-d446-4318-878a-f26a86dd4d0f}</UniqueIdentifier>
    </Filter>
    <Filter Include="Core">
      <UniqueIdentifier>{4cda8154-6b8b-4832-8e1d-12d58efc049b}</UniqueIdentifier>
    </Filter>
    <Filter Include="Util">
      <UniqueIdentifier>{ecfef597-92df-429d-9300-d0f3c42d3490}</UniqueIdentifier>
    </Filter>
    <Filter Include="HLSL">
      <UniqueIdentifier>{fd06d863-286e-4a78-807e-51c10f4c0738}</UniqueIdentifier>
    </Filter>
  </ItemGroup>
  <ItemGroup>
    <ClInclude Include="main.h">
      <Filter>Entrance</Filter>
    </ClInclude>
    <ClInclude Include="Resource.h">
      <Filter>Common</Filter>
    </ClInclude>
    <ClInclude Include="stdafx.h">
      <Filter>Common</Filter>
    </ClInclude>
    <ClInclude Include="targetver.h">
      <Filter>Common</Filter>
    </ClInclude>
    <ClInclude Include="DirectX11Wrapper.h">
      <Filter>Graphics</Filter>
    </ClInclude>
    <ClInclude Include="AppHandle.h">
      <Filter>Entrance</Filter>
    </ClInclude>
    <ClInclude Include="VividEngine.h">
      <Filter>Entrance</Filter>
    </ClInclude>
    <ClInclude Include="GUI.h">
      <Filter>GUI</Filter>
    </ClInclude>
    <ClInclude Include="Button.h">
      <Filter>GUI</Filter>
    </ClInclude>
    <ClInclude Include="UI.h">
      <Filter>Component</Filter>
    </ClInclude>
    <ClInclude Include="Camera.h">
      <Filter>Component</Filter>
    </ClInclude>
    <ClInclude Include="Transform.h">
      <Filter>Component</Filter>
    </ClInclude>
    <ClInclude Include="Component.h">
      <Filter>Component</Filter>
    </ClInclude>
    <ClInclude Include="DDSTextureLoader.h">
      <Filter>Util</Filter>
    </ClInclude>
    <ClInclude Include="WICTextureLoader.h">
      <Filter>Util</Filter>
    </ClInclude>
    <ClInclude Include="Random.h">
      <Filter>Core</Filter>
    </ClInclude>
    <ClInclude Include="SpriteRenderer.h">
      <Filter>Component</Filter>
    </ClInclude>
    <ClInclude Include="Descriptor.h">
      <Filter>Core</Filter>
    </ClInclude>
    <ClInclude Include="Global.h">
      <Filter>Core</Filter>
    </ClInclude>
    <ClInclude Include="Debug.h">
      <Filter>Core</Filter>
    </ClInclude>
    <ClInclude Include="Mesh.h">
      <Filter>Core</Filter>
    </ClInclude>
    <ClInclude Include="Renderer.h">
      <Filter>Core</Filter>
    </ClInclude>
    <ClInclude Include="Converter.h">
      <Filter>Core</Filter>
    </ClInclude>
    <ClInclude Include="Importer.h">
      <Filter>Core</Filter>
    </ClInclude>
    <ClInclude Include="Renderer3D.h">
      <Filter>Component</Filter>
    </ClInclude>
    <ClInclude Include="Material.h">
      <Filter>Core</Filter>
    </ClInclude>
    <ClInclude Include="OBJ_Loader.h">
      <Filter>Util</Filter>
    </ClInclude>
    <ClInclude Include="tiny_obj_loader.h">
      <Filter>Util</Filter>
    </ClInclude>
    <ClInclude Include="Shader.h">
      <Filter>Core</Filter>
    </ClInclude>
    <ClInclude Include="Light.h">
      <Filter>Component</Filter>
    </ClInclude>
    <ClInclude Include="Scene.h">
      <Filter>Core</Filter>
    </ClInclude>
    <ClInclude Include="Object.h">
      <Filter>Core</Filter>
    </ClInclude>
    <ClInclude Include="Time.h">
      <Filter>Core</Filter>
    </ClInclude>
    <ClInclude Include="Maths.h">
      <Filter>Core</Filter>
    </ClInclude>
    <ClInclude Include="AABB.h">
      <Filter>Core</Filter>
    </ClInclude>
    <ClInclude Include="Texture.h">
      <Filter>Core</Filter>
    </ClInclude>
    <ClInclude Include="RenderQueue.h">
      <Filter>Core</Filter>
    </ClInclude>
    <ClInclude Include="Input.h">
      <Filter>Core</Filter>
    </ClInclude>
  </ItemGroup>
  <ItemGroup>
    <ResourceCompile Include="VividEngine.rc">
      <Filter>Resources</Filter>
    </ResourceCompile>
  </ItemGroup>
  <ItemGroup>
    <Image Include="small.ico">
      <Filter>Resources</Filter>
    </Image>
    <Image Include="VividEngine.ico">
      <Filter>Resources</Filter>
    </Image>
  </ItemGroup>
  <ItemGroup>
    <ClCompile Include="main.cpp">
      <Filter>Entrance</Filter>
    </ClCompile>
    <ClCompile Include="DirectX11Wrapper.cpp">
      <Filter>Graphics</Filter>
    </ClCompile>
    <ClCompile Include="AppHandle.cpp">
      <Filter>Entrance</Filter>
    </ClCompile>
    <ClCompile Include="VividEngine.cpp">
      <Filter>Entrance</Filter>
    </ClCompile>
    <ClCompile Include="Button.cpp">
      <Filter>GUI</Filter>
    </ClCompile>
    <ClCompile Include="UI.cpp">
      <Filter>Component</Filter>
    </ClCompile>
    <ClCompile Include="Camera.cpp">
      <Filter>Component</Filter>
    </ClCompile>
    <ClCompile Include="Transform.cpp">
      <Filter>Component</Filter>
    </ClCompile>
    <ClCompile Include="Component.cpp">
      <Filter>Component</Filter>
    </ClCompile>
    <ClCompile Include="DDSTextureLoader.cpp">
      <Filter>Util</Filter>
    </ClCompile>
    <ClCompile Include="WICTextureLoader.cpp">
      <Filter>Util</Filter>
    </ClCompile>
    <ClCompile Include="Random.cpp">
      <Filter>Core</Filter>
    </ClCompile>
    <ClCompile Include="SpriteRenderer.cpp">
      <Filter>Component</Filter>
    </ClCompile>
    <ClCompile Include="Debug.cpp">
      <Filter>Core</Filter>
    </ClCompile>
    <ClCompile Include="Mesh.cpp">
      <Filter>Core</Filter>
    </ClCompile>
    <ClCompile Include="Renderer.cpp">
      <Filter>Core</Filter>
    </ClCompile>
    <ClCompile Include="Converter.cpp">
      <Filter>Core</Filter>
    </ClCompile>
    <ClCompile Include="Importer.cpp">
      <Filter>Core</Filter>
    </ClCompile>
    <ClCompile Include="Renderer3D.cpp">
      <Filter>Component</Filter>
    </ClCompile>
    <ClCompile Include="Material.cpp">
      <Filter>Core</Filter>
    </ClCompile>
    <ClCompile Include="tiny_obj_loader.cc">
      <Filter>Util</Filter>
    </ClCompile>
    <ClCompile Include="Shader.cpp">
      <Filter>Core</Filter>
    </ClCompile>
    <ClCompile Include="Light.cpp">
      <Filter>Component</Filter>
    </ClCompile>
    <ClCompile Include="Scene.cpp">
      <Filter>Core</Filter>
    </ClCompile>
    <ClCompile Include="Object.cpp">
      <Filter>Core</Filter>
    </ClCompile>
    <ClCompile Include="Time.cpp">
      <Filter>Core</Filter>
    </ClCompile>
    <ClCompile Include="Maths.cpp">
      <Filter>Core</Filter>
    </ClCompile>
    <ClCompile Include="AABB.cpp">
      <Filter>Core</Filter>
    </ClCompile>
    <ClCompile Include="Texture.cpp">
      <Filter>Core</Filter>
    </ClCompile>
    <ClCompile Include="RenderQueue.cpp">
      <Filter>Core</Filter>
    </ClCompile>
    <ClCompile Include="Input.cpp">
      <Filter>Core</Filter>
    </ClCompile>
  </ItemGroup>
  <ItemGroup>
    <None Include="BlinnPhong.ps">
      <Filter>HLSL</Filter>
    </None>
    <None Include="BlinnPhong.vs">
      <Filter>HLSL</Filter>
    </None>
    <None Include="Debug.vs">
      <Filter>HLSL</Filter>
    </None>
    <None Include="Debug.ps">
      <Filter>HLSL</Filter>
    </None>
  </ItemGroup>
</Project>